// !$*UTF8*$!
{
	archiveVersion = 1;
	classes = {
	};
	objectVersion = 55;
	objects = {

/* Begin PBXBuildFile section */
		8B1074B327FC8A9500C88BDE /* ServiceLocator.swift in Sources */ = {isa = PBXBuildFile; fileRef = 8B1074B227FC8A9500C88BDE /* ServiceLocator.swift */; };
		8B1074B527FD541500C88BDE /* Configurator.swift in Sources */ = {isa = PBXBuildFile; fileRef = 8B1074B427FD541500C88BDE /* Configurator.swift */; };
		8B1074B727FD546C00C88BDE /* NetworkingService.swift in Sources */ = {isa = PBXBuildFile; fileRef = 8B1074B627FD546C00C88BDE /* NetworkingService.swift */; };
		8B1074B927FD547A00C88BDE /* RealmService.swift in Sources */ = {isa = PBXBuildFile; fileRef = 8B1074B827FD547A00C88BDE /* RealmService.swift */; };
		8B1074C127FD6A4400C88BDE /* API.swift in Sources */ = {isa = PBXBuildFile; fileRef = 8B1074C027FD6A4400C88BDE /* API.swift */; };
		8B1074C327FD6ABA00C88BDE /* AnimeRemote.swift in Sources */ = {isa = PBXBuildFile; fileRef = 8B1074C227FD6ABA00C88BDE /* AnimeRemote.swift */; };
		8B1074C727FD70DE00C88BDE /* AnimeLocal.swift in Sources */ = {isa = PBXBuildFile; fileRef = 8B1074C627FD70DE00C88BDE /* AnimeLocal.swift */; };
		8B1074CB27FD732F00C88BDE /* AnimeListViewModel.swift in Sources */ = {isa = PBXBuildFile; fileRef = 8B1074CA27FD732F00C88BDE /* AnimeListViewModel.swift */; };
		8B1074CE27FD77E600C88BDE /* Anime.swift in Sources */ = {isa = PBXBuildFile; fileRef = 8B1074CD27FD77E600C88BDE /* Anime.swift */; };
		8B28559C27F60AAD00C312A6 /* AppDelegate.swift in Sources */ = {isa = PBXBuildFile; fileRef = 8B28559B27F60AAD00C312A6 /* AppDelegate.swift */; };
		8B28559E27F60AAD00C312A6 /* SceneDelegate.swift in Sources */ = {isa = PBXBuildFile; fileRef = 8B28559D27F60AAD00C312A6 /* SceneDelegate.swift */; };
		8B2855A027F60AAD00C312A6 /* AnimeListViewController.swift in Sources */ = {isa = PBXBuildFile; fileRef = 8B28559F27F60AAD00C312A6 /* AnimeListViewController.swift */; };
		8B2855A327F60AAD00C312A6 /* Main.storyboard in Resources */ = {isa = PBXBuildFile; fileRef = 8B2855A127F60AAD00C312A6 /* Main.storyboard */; };
		8B2855A527F60AAE00C312A6 /* Assets.xcassets in Resources */ = {isa = PBXBuildFile; fileRef = 8B2855A427F60AAE00C312A6 /* Assets.xcassets */; };
		8B2855A827F60AAE00C312A6 /* LaunchScreen.storyboard in Resources */ = {isa = PBXBuildFile; fileRef = 8B2855A627F60AAE00C312A6 /* LaunchScreen.storyboard */; };
		8B2855B127F61D8200C312A6 /* Alamofire in Frameworks */ = {isa = PBXBuildFile; productRef = 8B2855B027F61D8200C312A6 /* Alamofire */; };
		8B2855B427F6285B00C312A6 /* Realm in Frameworks */ = {isa = PBXBuildFile; productRef = 8B2855B327F6285B00C312A6 /* Realm */; };
		8B2855B627F6285B00C312A6 /* RealmSwift in Frameworks */ = {isa = PBXBuildFile; productRef = 8B2855B527F6285B00C312A6 /* RealmSwift */; };
/* End PBXBuildFile section */

/* Begin PBXFileReference section */
		8B1074B227FC8A9500C88BDE /* ServiceLocator.swift */ = {isa = PBXFileReference; lastKnownFileType = sourcecode.swift; path = ServiceLocator.swift; sourceTree = "<group>"; };
		8B1074B427FD541500C88BDE /* Configurator.swift */ = {isa = PBXFileReference; lastKnownFileType = sourcecode.swift; path = Configurator.swift; sourceTree = "<group>"; };
		8B1074B627FD546C00C88BDE /* NetworkingService.swift */ = {isa = PBXFileReference; lastKnownFileType = sourcecode.swift; path = NetworkingService.swift; sourceTree = "<group>"; };
		8B1074B827FD547A00C88BDE /* RealmService.swift */ = {isa = PBXFileReference; lastKnownFileType = sourcecode.swift; path = RealmService.swift; sourceTree = "<group>"; };
		8B1074C027FD6A4400C88BDE /* API.swift */ = {isa = PBXFileReference; lastKnownFileType = sourcecode.swift; path = API.swift; sourceTree = "<group>"; };
		8B1074C227FD6ABA00C88BDE /* AnimeRemote.swift */ = {isa = PBXFileReference; lastKnownFileType = sourcecode.swift; path = AnimeRemote.swift; sourceTree = "<group>"; };
		8B1074C627FD70DE00C88BDE /* AnimeLocal.swift */ = {isa = PBXFileReference; lastKnownFileType = sourcecode.swift; path = AnimeLocal.swift; sourceTree = "<group>"; };
		8B1074CA27FD732F00C88BDE /* AnimeListViewModel.swift */ = {isa = PBXFileReference; lastKnownFileType = sourcecode.swift; path = AnimeListViewModel.swift; sourceTree = "<group>"; };
		8B1074CD27FD77E600C88BDE /* Anime.swift */ = {isa = PBXFileReference; lastKnownFileType = sourcecode.swift; path = Anime.swift; sourceTree = "<group>"; };
		8B28559827F60AAD00C312A6 /* Otus_Homework_31.03_SOA.app */ = {isa = PBXFileReference; explicitFileType = wrapper.application; includeInIndex = 0; path = Otus_Homework_31.03_SOA.app; sourceTree = BUILT_PRODUCTS_DIR; };
		8B28559B27F60AAD00C312A6 /* AppDelegate.swift */ = {isa = PBXFileReference; lastKnownFileType = sourcecode.swift; path = AppDelegate.swift; sourceTree = "<group>"; };
		8B28559D27F60AAD00C312A6 /* SceneDelegate.swift */ = {isa = PBXFileReference; lastKnownFileType = sourcecode.swift; path = SceneDelegate.swift; sourceTree = "<group>"; };
		8B28559F27F60AAD00C312A6 /* AnimeListViewController.swift */ = {isa = PBXFileReference; lastKnownFileType = sourcecode.swift; path = AnimeListViewController.swift; sourceTree = "<group>"; };
		8B2855A227F60AAD00C312A6 /* Base */ = {isa = PBXFileReference; lastKnownFileType = file.storyboard; name = Base; path = Base.lproj/Main.storyboard; sourceTree = "<group>"; };
		8B2855A427F60AAE00C312A6 /* Assets.xcassets */ = {isa = PBXFileReference; lastKnownFileType = folder.assetcatalog; path = Assets.xcassets; sourceTree = "<group>"; };
		8B2855A727F60AAE00C312A6 /* Base */ = {isa = PBXFileReference; lastKnownFileType = file.storyboard; name = Base; path = Base.lproj/LaunchScreen.storyboard; sourceTree = "<group>"; };
		8B2855A927F60AAE00C312A6 /* Info.plist */ = {isa = PBXFileReference; lastKnownFileType = text.plist.xml; path = Info.plist; sourceTree = "<group>"; };
/* End PBXFileReference section */

/* Begin PBXFrameworksBuildPhase section */
		8B28559527F60AAD00C312A6 /* Frameworks */ = {
			isa = PBXFrameworksBuildPhase;
			buildActionMask = 2147483647;
			files = (
				8B2855B627F6285B00C312A6 /* RealmSwift in Frameworks */,
				8B2855B427F6285B00C312A6 /* Realm in Frameworks */,
				8B2855B127F61D8200C312A6 /* Alamofire in Frameworks */,
			);
			runOnlyForDeploymentPostprocessing = 0;
		};
/* End PBXFrameworksBuildPhase section */

/* Begin PBXGroup section */
		8B1074BA27FD549200C88BDE /* Services */ = {
			isa = PBXGroup;
			children = (
				8B1074BB27FD549B00C88BDE /* Networking */,
				8B1074BC27FD54B100C88BDE /* Realm */,
			);
			path = Services;
			sourceTree = "<group>";
		};
		8B1074BB27FD549B00C88BDE /* Networking */ = {
			isa = PBXGroup;
			children = (
				8B1074B627FD546C00C88BDE /* NetworkingService.swift */,
				8B1074C027FD6A4400C88BDE /* API.swift */,
			);
			path = Networking;
			sourceTree = "<group>";
		};
		8B1074BC27FD54B100C88BDE /* Realm */ = {
			isa = PBXGroup;
			children = (
				8B1074B827FD547A00C88BDE /* RealmService.swift */,
			);
			path = Realm;
			sourceTree = "<group>";
		};
		8B1074BD27FD552200C88BDE /* Utils */ = {
			isa = PBXGroup;
			children = (
				8B1074B227FC8A9500C88BDE /* ServiceLocator.swift */,
				8B1074B427FD541500C88BDE /* Configurator.swift */,
			);
			path = Utils;
			sourceTree = "<group>";
		};
		8B1074C427FD6BC600C88BDE /* View */ = {
			isa = PBXGroup;
			children = (
				8B28559F27F60AAD00C312A6 /* AnimeListViewController.swift */,
			);
			path = View;
			sourceTree = "<group>";
		};
		8B1074C527FD6BCE00C88BDE /* Model */ = {
			isa = PBXGroup;
			children = (
				8B1074C227FD6ABA00C88BDE /* AnimeRemote.swift */,
				8B1074C627FD70DE00C88BDE /* AnimeLocal.swift */,
				8B1074CD27FD77E600C88BDE /* Anime.swift */,
			);
			path = Model;
			sourceTree = "<group>";
		};
		8B1074CC27FD74BA00C88BDE /* ViewModel */ = {
			isa = PBXGroup;
			children = (
				8B1074CA27FD732F00C88BDE /* AnimeListViewModel.swift */,
			);
			path = ViewModel;
			sourceTree = "<group>";
		};
		8B28558F27F60AAD00C312A6 = {
			isa = PBXGroup;
			children = (
				8B28559A27F60AAD00C312A6 /* Otus_Homework_31.03_SOA */,
				8B28559927F60AAD00C312A6 /* Products */,
			);
			sourceTree = "<group>";
		};
		8B28559927F60AAD00C312A6 /* Products */ = {
			isa = PBXGroup;
			children = (
				8B28559827F60AAD00C312A6 /* Otus_Homework_31.03_SOA.app */,
			);
			name = Products;
			sourceTree = "<group>";
		};
		8B28559A27F60AAD00C312A6 /* Otus_Homework_31.03_SOA */ = {
			isa = PBXGroup;
			children = (
				8B28559B27F60AAD00C312A6 /* AppDelegate.swift */,
				8B28559D27F60AAD00C312A6 /* SceneDelegate.swift */,
				8B1074BD27FD552200C88BDE /* Utils */,
				8B1074BA27FD549200C88BDE /* Services */,
				8B1074C427FD6BC600C88BDE /* View */,
				8B1074CC27FD74BA00C88BDE /* ViewModel */,
				8B1074C527FD6BCE00C88BDE /* Model */,
				8B2855A127F60AAD00C312A6 /* Main.storyboard */,
				8B2855A427F60AAE00C312A6 /* Assets.xcassets */,
				8B2855A627F60AAE00C312A6 /* LaunchScreen.storyboard */,
				8B2855A927F60AAE00C312A6 /* Info.plist */,
			);
			path = Otus_Homework_31.03_SOA;
			sourceTree = "<group>";
		};
/* End PBXGroup section */

/* Begin PBXNativeTarget section */
		8B28559727F60AAD00C312A6 /* Otus_Homework_31.03_SOA */ = {
			isa = PBXNativeTarget;
			buildConfigurationList = 8B2855AC27F60AAE00C312A6 /* Build configuration list for PBXNativeTarget "Otus_Homework_31.03_SOA" */;
			buildPhases = (
				8B28559427F60AAD00C312A6 /* Sources */,
				8B28559527F60AAD00C312A6 /* Frameworks */,
				8B28559627F60AAD00C312A6 /* Resources */,
			);
			buildRules = (
			);
			dependencies = (
			);
			name = Otus_Homework_31.03_SOA;
			packageProductDependencies = (
				8B2855B027F61D8200C312A6 /* Alamofire */,
				8B2855B327F6285B00C312A6 /* Realm */,
				8B2855B527F6285B00C312A6 /* RealmSwift */,
			);
			productName = Otus_Homework_31.03_SOA;
			productReference = 8B28559827F60AAD00C312A6 /* Otus_Homework_31.03_SOA.app */;
			productType = "com.apple.product-type.application";
		};
/* End PBXNativeTarget section */

/* Begin PBXProject section */
		8B28559027F60AAD00C312A6 /* Project object */ = {
			isa = PBXProject;
			attributes = {
				BuildIndependentTargetsInParallel = 1;
				LastSwiftUpdateCheck = 1320;
				LastUpgradeCheck = 1320;
				TargetAttributes = {
					8B28559727F60AAD00C312A6 = {
						CreatedOnToolsVersion = 13.2.1;
					};
				};
			};
			buildConfigurationList = 8B28559327F60AAD00C312A6 /* Build configuration list for PBXProject "Otus_Homework_31.03_SOA" */;
			compatibilityVersion = "Xcode 13.0";
			developmentRegion = en;
			hasScannedForEncodings = 0;
			knownRegions = (
				en,
				Base,
			);
			mainGroup = 8B28558F27F60AAD00C312A6;
			packageReferences = (
				8B2855AF27F61D8200C312A6 /* XCRemoteSwiftPackageReference "Alamofire" */,
				8B2855B227F6285B00C312A6 /* XCRemoteSwiftPackageReference "realm-swift" */,
			);
			productRefGroup = 8B28559927F60AAD00C312A6 /* Products */;
			projectDirPath = "";
			projectRoot = "";
			targets = (
				8B28559727F60AAD00C312A6 /* Otus_Homework_31.03_SOA */,
			);
		};
/* End PBXProject section */

/* Begin PBXResourcesBuildPhase section */
		8B28559627F60AAD00C312A6 /* Resources */ = {
			isa = PBXResourcesBuildPhase;
			buildActionMask = 2147483647;
			files = (
				8B2855A827F60AAE00C312A6 /* LaunchScreen.storyboard in Resources */,
				8B2855A527F60AAE00C312A6 /* Assets.xcassets in Resources */,
				8B2855A327F60AAD00C312A6 /* Main.storyboard in Resources */,
			);
			runOnlyForDeploymentPostprocessing = 0;
		};
/* End PBXResourcesBuildPhase section */

/* Begin PBXSourcesBuildPhase section */
		8B28559427F60AAD00C312A6 /* Sources */ = {
			isa = PBXSourcesBuildPhase;
			buildActionMask = 2147483647;
			files = (
				8B1074B327FC8A9500C88BDE /* ServiceLocator.swift in Sources */,
				8B2855A027F60AAD00C312A6 /* AnimeListViewController.swift in Sources */,
				8B1074B927FD547A00C88BDE /* RealmService.swift in Sources */,
				8B28559C27F60AAD00C312A6 /* AppDelegate.swift in Sources */,
				8B1074B727FD546C00C88BDE /* NetworkingService.swift in Sources */,
				8B1074B527FD541500C88BDE /* Configurator.swift in Sources */,
				8B1074C127FD6A4400C88BDE /* API.swift in Sources */,
				8B28559E27F60AAD00C312A6 /* SceneDelegate.swift in Sources */,
				8B1074CE27FD77E600C88BDE /* Anime.swift in Sources */,
				8B1074C727FD70DE00C88BDE /* AnimeLocal.swift in Sources */,
				8B1074C327FD6ABA00C88BDE /* AnimeRemote.swift in Sources */,
				8B1074CB27FD732F00C88BDE /* AnimeListViewModel.swift in Sources */,
			);
			runOnlyForDeploymentPostprocessing = 0;
		};
/* End PBXSourcesBuildPhase section */

/* Begin PBXVariantGroup section */
		8B2855A127F60AAD00C312A6 /* Main.storyboard */ = {
			isa = PBXVariantGroup;
			children = (
				8B2855A227F60AAD00C312A6 /* Base */,
			);
			name = Main.storyboard;
			sourceTree = "<group>";
		};
		8B2855A627F60AAE00C312A6 /* LaunchScreen.storyboard */ = {
			isa = PBXVariantGroup;
			children = (
				8B2855A727F60AAE00C312A6 /* Base */,
			);
			name = LaunchScreen.storyboard;
			sourceTree = "<group>";
		};
/* End PBXVariantGroup section */

/* Begin XCBuildConfiguration section */
		8B2855AA27F60AAE00C312A6 /* Debug */ = {
			isa = XCBuildConfiguration;
			buildSettings = {
				ALWAYS_SEARCH_USER_PATHS = NO;
				CLANG_ANALYZER_NONNULL = YES;
				CLANG_ANALYZER_NUMBER_OBJECT_CONVERSION = YES_AGGRESSIVE;
				CLANG_CXX_LANGUAGE_STANDARD = "gnu++17";
				CLANG_CXX_LIBRARY = "libc++";
				CLANG_ENABLE_MODULES = YES;
				CLANG_ENABLE_OBJC_ARC = YES;
				CLANG_ENABLE_OBJC_WEAK = YES;
				CLANG_WARN_BLOCK_CAPTURE_AUTORELEASING = YES;
				CLANG_WARN_BOOL_CONVERSION = YES;
				CLANG_WARN_COMMA = YES;
				CLANG_WARN_CONSTANT_CONVERSION = YES;
				CLANG_WARN_DEPRECATED_OBJC_IMPLEMENTATIONS = YES;
				CLANG_WARN_DIRECT_OBJC_ISA_USAGE = YES_ERROR;
				CLANG_WARN_DOCUMENTATION_COMMENTS = YES;
				CLANG_WARN_EMPTY_BODY = YES;
				CLANG_WARN_ENUM_CONVERSION = YES;
				CLANG_WARN_INFINITE_RECURSION = YES;
				CLANG_WARN_INT_CONVERSION = YES;
				CLANG_WARN_NON_LITERAL_NULL_CONVERSION = YES;
				CLANG_WARN_OBJC_IMPLICIT_RETAIN_SELF = YES;
				CLANG_WARN_OBJC_LITERAL_CONVERSION = YES;
				CLANG_WARN_OBJC_ROOT_CLASS = YES_ERROR;
				CLANG_WARN_QUOTED_INCLUDE_IN_FRAMEWORK_HEADER = YES;
				CLANG_WARN_RANGE_LOOP_ANALYSIS = YES;
				CLANG_WARN_STRICT_PROTOTYPES = YES;
				CLANG_WARN_SUSPICIOUS_MOVE = YES;
				CLANG_WARN_UNGUARDED_AVAILABILITY = YES_AGGRESSIVE;
				CLANG_WARN_UNREACHABLE_CODE = YES;
				CLANG_WARN__DUPLICATE_METHOD_MATCH = YES;
				COPY_PHASE_STRIP = NO;
				DEBUG_INFORMATION_FORMAT = dwarf;
				ENABLE_STRICT_OBJC_MSGSEND = YES;
				ENABLE_TESTABILITY = YES;
				GCC_C_LANGUAGE_STANDARD = gnu11;
				GCC_DYNAMIC_NO_PIC = NO;
				GCC_NO_COMMON_BLOCKS = YES;
				GCC_OPTIMIZATION_LEVEL = 0;
				GCC_PREPROCESSOR_DEFINITIONS = (
					"DEBUG=1",
					"$(inherited)",
				);
				GCC_WARN_64_TO_32_BIT_CONVERSION = YES;
				GCC_WARN_ABOUT_RETURN_TYPE = YES_ERROR;
				GCC_WARN_UNDECLARED_SELECTOR = YES;
				GCC_WARN_UNINITIALIZED_AUTOS = YES_AGGRESSIVE;
				GCC_WARN_UNUSED_FUNCTION = YES;
				GCC_WARN_UNUSED_VARIABLE = YES;
				IPHONEOS_DEPLOYMENT_TARGET = 15.2;
				MTL_ENABLE_DEBUG_INFO = INCLUDE_SOURCE;
				MTL_FAST_MATH = YES;
				ONLY_ACTIVE_ARCH = YES;
				SDKROOT = iphoneos;
				SWIFT_ACTIVE_COMPILATION_CONDITIONS = DEBUG;
				SWIFT_OPTIMIZATION_LEVEL = "-Onone";
			};
			name = Debug;
		};
		8B2855AB27F60AAE00C312A6 /* Release */ = {
			isa = XCBuildConfiguration;
			buildSettings = {
				ALWAYS_SEARCH_USER_PATHS = NO;
				CLANG_ANALYZER_NONNULL = YES;
				CLANG_ANALYZER_NUMBER_OBJECT_CONVERSION = YES_AGGRESSIVE;
				CLANG_CXX_LANGUAGE_STANDARD = "gnu++17";
				CLANG_CXX_LIBRARY = "libc++";
				CLANG_ENABLE_MODULES = YES;
				CLANG_ENABLE_OBJC_ARC = YES;
				CLANG_ENABLE_OBJC_WEAK = YES;
				CLANG_WARN_BLOCK_CAPTURE_AUTORELEASING = YES;
				CLANG_WARN_BOOL_CONVERSION = YES;
				CLANG_WARN_COMMA = YES;
				CLANG_WARN_CONSTANT_CONVERSION = YES;
				CLANG_WARN_DEPRECATED_OBJC_IMPLEMENTATIONS = YES;
				CLANG_WARN_DIRECT_OBJC_ISA_USAGE = YES_ERROR;
				CLANG_WARN_DOCUMENTATION_COMMENTS = YES;
				CLANG_WARN_EMPTY_BODY = YES;
				CLANG_WARN_ENUM_CONVERSION = YES;
				CLANG_WARN_INFINITE_RECURSION = YES;
				CLANG_WARN_INT_CONVERSION = YES;
				CLANG_WARN_NON_LITERAL_NULL_CONVERSION = YES;
				CLANG_WARN_OBJC_IMPLICIT_RETAIN_SELF = YES;
				CLANG_WARN_OBJC_LITERAL_CONVERSION = YES;
				CLANG_WARN_OBJC_ROOT_CLASS = YES_ERROR;
				CLANG_WARN_QUOTED_INCLUDE_IN_FRAMEWORK_HEADER = YES;
				CLANG_WARN_RANGE_LOOP_ANALYSIS = YES;
				CLANG_WARN_STRICT_PROTOTYPES = YES;
				CLANG_WARN_SUSPICIOUS_MOVE = YES;
				CLANG_WARN_UNGUARDED_AVAILABILITY = YES_AGGRESSIVE;
				CLANG_WARN_UNREACHABLE_CODE = YES;
				CLANG_WARN__DUPLICATE_METHOD_MATCH = YES;
				COPY_PHASE_STRIP = NO;
				DEBUG_INFORMATION_FORMAT = "dwarf-with-dsym";
				ENABLE_NS_ASSERTIONS = NO;
				ENABLE_STRICT_OBJC_MSGSEND = YES;
				GCC_C_LANGUAGE_STANDARD = gnu11;
				GCC_NO_COMMON_BLOCKS = YES;
				GCC_WARN_64_TO_32_BIT_CONVERSION = YES;
				GCC_WARN_ABOUT_RETURN_TYPE = YES_ERROR;
				GCC_WARN_UNDECLARED_SELECTOR = YES;
				GCC_WARN_UNINITIALIZED_AUTOS = YES_AGGRESSIVE;
				GCC_WARN_UNUSED_FUNCTION = YES;
				GCC_WARN_UNUSED_VARIABLE = YES;
				IPHONEOS_DEPLOYMENT_TARGET = 15.2;
				MTL_ENABLE_DEBUG_INFO = NO;
				MTL_FAST_MATH = YES;
				SDKROOT = iphoneos;
				SWIFT_COMPILATION_MODE = wholemodule;
				SWIFT_OPTIMIZATION_LEVEL = "-O";
				VALIDATE_PRODUCT = YES;
			};
			name = Release;
		};
		8B2855AD27F60AAE00C312A6 /* Debug */ = {
			isa = XCBuildConfiguration;
			buildSettings = {
				ASSETCATALOG_COMPILER_APPICON_NAME = AppIcon;
				ASSETCATALOG_COMPILER_GLOBAL_ACCENT_COLOR_NAME = AccentColor;
				CODE_SIGN_STYLE = Automatic;
				CURRENT_PROJECT_VERSION = 1;
				DEVELOPMENT_TEAM = RJ72JSGMTM;
				GENERATE_INFOPLIST_FILE = YES;
				INFOPLIST_FILE = Otus_Homework_31.03_SOA/Info.plist;
				INFOPLIST_KEY_UIApplicationSupportsIndirectInputEvents = YES;
				INFOPLIST_KEY_UILaunchStoryboardName = LaunchScreen;
				INFOPLIST_KEY_UIMainStoryboardFile = Main;
				INFOPLIST_KEY_UISupportedInterfaceOrientations_iPad = "UIInterfaceOrientationPortrait UIInterfaceOrientationPortraitUpsideDown UIInterfaceOrientationLandscapeLeft UIInterfaceOrientationLandscapeRight";
				INFOPLIST_KEY_UISupportedInterfaceOrientations_iPhone = "UIInterfaceOrientationPortrait UIInterfaceOrientationLandscapeLeft UIInterfaceOrientationLandscapeRight";
				LD_RUNPATH_SEARCH_PATHS = (
					"$(inherited)",
					"@executable_path/Frameworks",
				);
				MARKETING_VERSION = 1.0;
				PRODUCT_BUNDLE_IDENTIFIER = "tattelecom.Otus-Homework-31-03-SOA";
				PRODUCT_NAME = "$(TARGET_NAME)";
				SWIFT_EMIT_LOC_STRINGS = YES;
				SWIFT_VERSION = 5.0;
				TARGETED_DEVICE_FAMILY = "1,2";
			};
			name = Debug;
		};
		8B2855AE27F60AAE00C312A6 /* Release */ = {
			isa = XCBuildConfiguration;
			buildSettings = {
				ASSETCATALOG_COMPILER_APPICON_NAME = AppIcon;
				ASSETCATALOG_COMPILER_GLOBAL_ACCENT_COLOR_NAME = AccentColor;
				CODE_SIGN_STYLE = Automatic;
				CURRENT_PROJECT_VERSION = 1;
				DEVELOPMENT_TEAM = RJ72JSGMTM;
				GENERATE_INFOPLIST_FILE = YES;
				INFOPLIST_FILE = Otus_Homework_31.03_SOA/Info.plist;
				INFOPLIST_KEY_UIApplicationSupportsIndirectInputEvents = YES;
				INFOPLIST_KEY_UILaunchStoryboardName = LaunchScreen;
				INFOPLIST_KEY_UIMainStoryboardFile = Main;
				INFOPLIST_KEY_UISupportedInterfaceOrientations_iPad = "UIInterfaceOrientationPortrait UIInterfaceOrientationPortraitUpsideDown UIInterfaceOrientationLandscapeLeft UIInterfaceOrientationLandscapeRight";
				INFOPLIST_KEY_UISupportedInterfaceOrientations_iPhone = "UIInterfaceOrientationPortrait UIInterfaceOrientationLandscapeLeft UIInterfaceOrientationLandscapeRight";
				LD_RUNPATH_SEARCH_PATHS = (
					"$(inherited)",
					"@executable_path/Frameworks",
				);
				MARKETING_VERSION = 1.0;
				PRODUCT_BUNDLE_IDENTIFIER = "tattelecom.Otus-Homework-31-03-SOA";
				PRODUCT_NAME = "$(TARGET_NAME)";
				SWIFT_EMIT_LOC_STRINGS = YES;
				SWIFT_VERSION = 5.0;
				TARGETED_DEVICE_FAMILY = "1,2";
			};
			name = Release;
		};
/* End XCBuildConfiguration section */

/* Begin XCConfigurationList section */
		8B28559327F60AAD00C312A6 /* Build configuration list for PBXProject "Otus_Homework_31.03_SOA" */ = {
			isa = XCConfigurationList;
			buildConfigurations = (
				8B2855AA27F60AAE00C312A6 /* Debug */,
				8B2855AB27F60AAE00C312A6 /* Release */,
			);
			defaultConfigurationIsVisible = 0;
			defaultConfigurationName = Release;
		};
		8B2855AC27F60AAE00C312A6 /* Build configuration list for PBXNativeTarget "Otus_Homework_31.03_SOA" */ = {
			isa = XCConfigurationList;
			buildConfigurations = (
				8B2855AD27F60AAE00C312A6 /* Debug */,
				8B2855AE27F60AAE00C312A6 /* Release */,
			);
			defaultConfigurationIsVisible = 0;
			defaultConfigurationName = Release;
		};
/* End XCConfigurationList section */

/* Begin XCRemoteSwiftPackageReference section */
		8B2855AF27F61D8200C312A6 /* XCRemoteSwiftPackageReference "Alamofire" */ = {
			isa = XCRemoteSwiftPackageReference;
			repositoryURL = "https://github.com/Alamofire/Alamofire.git";
			requirement = {
				kind = upToNextMajorVersion;
				minimumVersion = 5.0.0;
			};
		};
		8B2855B227F6285B00C312A6 /* XCRemoteSwiftPackageReference "realm-swift" */ = {
			isa = XCRemoteSwiftPackageReference;
			repositoryURL = "https://github.com/realm/realm-swift.git";
			requirement = {
				branch = master;
				kind = branch;
			};
		};
/* End XCRemoteSwiftPackageReference section */

/* Begin XCSwiftPackageProductDependency section */
		8B2855B027F61D8200C312A6 /* Alamofire */ = {
			isa = XCSwiftPackageProductDependency;
			package = 8B2855AF27F61D8200C312A6 /* XCRemoteSwiftPackageReference "Alamofire" */;
			productName = Alamofire;
		};
		8B2855B327F6285B00C312A6 /* Realm */ = {
			isa = XCSwiftPackageProductDependency;
			package = 8B2855B227F6285B00C312A6 /* XCRemoteSwiftPackageReference "realm-swift" */;
			productName = Realm;
		};
		8B2855B527F6285B00C312A6 /* RealmSwift */ = {
			isa = XCSwiftPackageProductDependency;
			package = 8B2855B227F6285B00C312A6 /* XCRemoteSwiftPackageReference "realm-swift" */;
			productName = RealmSwift;
		};
/* End XCSwiftPackageProductDependency section */
	};
	rootObject = 8B28559027F60AAD00C312A6 /* Project object */;
}
